
Microsoft Visual Studio Solution File, Format Version 12.00
# Visual Studio Version 16
VisualStudioVersion = 16.0.31729.503
MinimumVisualStudioVersion = 10.0.40219.1
Project("{FAE04EC0-301F-11D3-BF4B-00C04F79EFBC}") = "Automacao_120301", "Automacao_120301\Automacao_120301.csproj", "{033D8986-9E1E-4C42-BADC-99F91C188F61}"
EndProject
Global
	GlobalSection(SolutionConfigurationPlatforms) = preSolution
		Debug|Any CPU = Debug|Any CPU
		Release|Any CPU = Release|Any CPU
	EndGlobalSection
	GlobalSection(ProjectConfigurationPlatforms) = postSolution
		{033D8986-9E1E-4C42-BADC-99F91C188F61}.Debug|Any CPU.ActiveCfg = Debug|Any CPU
		{033D8986-9E1E-4C42-BADC-99F91C188F61}.Debug|Any CPU.Build.0 = Debug|Any CPU
		{033D8986-9E1E-4C42-BADC-99F91C188F61}.Release|Any CPU.ActiveCfg = Release|Any CPU
		{033D8986-9E1E-4C42-BADC-99F91C188F61}.Release|Any CPU.Build.0 = Release|Any CPU
	EndGlobalSection
	GlobalSection(SolutionProperties) = preSolution
		HideSolutionNode = FALSE
	EndGlobalSection
	GlobalSection(ExtensibilityGlobals) = postSolution
		SolutionGuid = {2ED240C4-933A-4896-A560-02E79A5F7F90}
	EndGlobalSection
EndGlobal
